
Microsoft Visual Studio Solution File, Format Version 12.00
Project("{FAE04EC0-301F-11D3-BF4B-00C04F79EFBC}") = "PutIo.Sharp", "PutIo.Sharp\PutIo.Sharp.csproj", "{A2060DA5-39A6-4B50-948A-B0BB793E5D25}"
EndProject
Project("{FAE04EC0-301F-11D3-BF4B-00C04F79EFBC}") = "PutIo.Sharp.Tests.Unit", "PutIo.Sharp.Tests.Unit\PutIo.Sharp.Tests.Unit.csproj", "{28F46710-C646-49A7-AF48-3D1889154B4D}"
EndProject
Project("{FAE04EC0-301F-11D3-BF4B-00C04F79EFBC}") = "PutIo.Sharp.Tests.Integration", "PutIo.Sharp.Tests.Integration\PutIo.Sharp.Tests.Integration.csproj", "{F144B32F-EDBB-4FC8-8DC8-AB1D48E3B084}"
EndProject
Global
	GlobalSection(SolutionConfigurationPlatforms) = preSolution
		Debug|Any CPU = Debug|Any CPU
		Release|Any CPU = Release|Any CPU
	EndGlobalSection
	GlobalSection(ProjectConfigurationPlatforms) = postSolution
		{A2060DA5-39A6-4B50-948A-B0BB793E5D25}.Debug|Any CPU.ActiveCfg = Debug|Any CPU
		{A2060DA5-39A6-4B50-948A-B0BB793E5D25}.Debug|Any CPU.Build.0 = Debug|Any CPU
		{A2060DA5-39A6-4B50-948A-B0BB793E5D25}.Release|Any CPU.ActiveCfg = Release|Any CPU
		{A2060DA5-39A6-4B50-948A-B0BB793E5D25}.Release|Any CPU.Build.0 = Release|Any CPU
		{28F46710-C646-49A7-AF48-3D1889154B4D}.Debug|Any CPU.ActiveCfg = Debug|Any CPU
		{28F46710-C646-49A7-AF48-3D1889154B4D}.Debug|Any CPU.Build.0 = Debug|Any CPU
		{28F46710-C646-49A7-AF48-3D1889154B4D}.Release|Any CPU.ActiveCfg = Release|Any CPU
		{28F46710-C646-49A7-AF48-3D1889154B4D}.Release|Any CPU.Build.0 = Release|Any CPU
		{F144B32F-EDBB-4FC8-8DC8-AB1D48E3B084}.Debug|Any CPU.ActiveCfg = Debug|Any CPU
		{F144B32F-EDBB-4FC8-8DC8-AB1D48E3B084}.Debug|Any CPU.Build.0 = Debug|Any CPU
		{F144B32F-EDBB-4FC8-8DC8-AB1D48E3B084}.Release|Any CPU.ActiveCfg = Release|Any CPU
		{F144B32F-EDBB-4FC8-8DC8-AB1D48E3B084}.Release|Any CPU.Build.0 = Release|Any CPU
	EndGlobalSection
EndGlobal
